
Microsoft Visual Studio Solution File, Format Version 12.00
# Visual Studio Version 16
VisualStudioVersion = 16.0.29519.87
MinimumVisualStudioVersion = 10.0.40219.1
Project("{FAE04EC0-301F-11D3-BF4B-00C04F79EFBC}") = "GithubMonitorApp", "GithubMonitorApp.csproj", "{C2A98A18-EAEB-4F59-A4AA-E971F326172B}"
EndProject
Global
	GlobalSection(SolutionConfigurationPlatforms) = preSolution
		Debug|Any CPU = Debug|Any CPU
		Release|Any CPU = Release|Any CPU
	EndGlobalSection
	GlobalSection(ProjectConfigurationPlatforms) = postSolution
		{C2A98A18-EAEB-4F59-A4AA-E971F326172B}.Debug|Any CPU.ActiveCfg = Debug|Any CPU
		{C2A98A18-EAEB-4F59-A4AA-E971F326172B}.Debug|Any CPU.Build.0 = Debug|Any CPU
		{C2A98A18-EAEB-4F59-A4AA-E971F326172B}.Release|Any CPU.ActiveCfg = Release|Any CPU
		{C2A98A18-EAEB-4F59-A4AA-E971F326172B}.Release|Any CPU.Build.0 = Release|Any CPU
	EndGlobalSection
	GlobalSection(SolutionProperties) = preSolution
		HideSolutionNode = FALSE
	EndGlobalSection
	GlobalSection(ExtensibilityGlobals) = postSolution
		SolutionGuid = {B27C351C-531D-4D75-B062-367AECE0A59F}
	EndGlobalSection
EndGlobal
